
Microsoft Visual Studio Solution File, Format Version 12.00
# Visual Studio Version 17
VisualStudioVersion = 17.4.33205.214
MinimumVisualStudioVersion = 10.0.40219.1
Project("{9A19103F-16F7-4668-BE54-9A1E7A4F7556}") = "BattleshipUI", "BattleshipUI\BattleshipUI.csproj", "{2F62BA22-ED73-4B23-BF8B-3ABF70BAAF8D}"
EndProject
Project("{9A19103F-16F7-4668-BE54-9A1E7A4F7556}") = "BattleShipsLibrary", "BattleShipsLibrary\BattleShipsLibrary.csproj", "{573CA860-FC26-47A2-BB43-56ABE10706A6}"
EndProject
Global
	GlobalSection(SolutionConfigurationPlatforms) = preSolution
		Debug|Any CPU = Debug|Any CPU
		Release|Any CPU = Release|Any CPU
	EndGlobalSection
	GlobalSection(ProjectConfigurationPlatforms) = postSolution
		{2F62BA22-ED73-4B23-BF8B-3ABF70BAAF8D}.Debug|Any CPU.ActiveCfg = Debug|Any CPU
		{2F62BA22-ED73-4B23-BF8B-3ABF70BAAF8D}.Debug|Any CPU.Build.0 = Debug|Any CPU
		{2F62BA22-ED73-4B23-BF8B-3ABF70BAAF8D}.Release|Any CPU.ActiveCfg = Release|Any CPU
		{2F62BA22-ED73-4B23-BF8B-3ABF70BAAF8D}.Release|Any CPU.Build.0 = Release|Any CPU
		{573CA860-FC26-47A2-BB43-56ABE10706A6}.Debug|Any CPU.ActiveCfg = Debug|Any CPU
		{573CA860-FC26-47A2-BB43-56ABE10706A6}.Debug|Any CPU.Build.0 = Debug|Any CPU
		{573CA860-FC26-47A2-BB43-56ABE10706A6}.Release|Any CPU.ActiveCfg = Release|Any CPU
		{573CA860-FC26-47A2-BB43-56ABE10706A6}.Release|Any CPU.Build.0 = Release|Any CPU
	EndGlobalSection
	GlobalSection(SolutionProperties) = preSolution
		HideSolutionNode = FALSE
	EndGlobalSection
	GlobalSection(ExtensibilityGlobals) = postSolution
		SolutionGuid = {0A3D7299-8C99-497A-B608-B8304FF89B50}
	EndGlobalSection
EndGlobal
